// !$*UTF8*$!
{
	archiveVersion = 1;
	classes = {
	};
	objectVersion = 50;
	objects = {

/* Begin PBXBuildFile section */
		CC47627224AB2AEA008CBFAE /* situation.json in Resources */ = {isa = PBXBuildFile; fileRef = CC47627124AB2AEA008CBFAE /* situation.json */; };
		CCDFDC8724A8568700A09046 /* AppDelegate.swift in Sources */ = {isa = PBXBuildFile; fileRef = CCDFDC8624A8568700A09046 /* AppDelegate.swift */; };
		CCDFDC8924A8568700A09046 /* SceneDelegate.swift in Sources */ = {isa = PBXBuildFile; fileRef = CCDFDC8824A8568700A09046 /* SceneDelegate.swift */; };
		CCDFDC8D24A8568900A09046 /* Assets.xcassets in Resources */ = {isa = PBXBuildFile; fileRef = CCDFDC8C24A8568900A09046 /* Assets.xcassets */; };
		CCDFDC9024A8568900A09046 /* Preview Assets.xcassets in Resources */ = {isa = PBXBuildFile; fileRef = CCDFDC8F24A8568900A09046 /* Preview Assets.xcassets */; };
		CCDFDC9324A8568900A09046 /* LaunchScreen.storyboard in Resources */ = {isa = PBXBuildFile; fileRef = CCDFDC9124A8568900A09046 /* LaunchScreen.storyboard */; };
		CCDFDC9E24A8568900A09046 /* Quiz_SavvyTests.swift in Sources */ = {isa = PBXBuildFile; fileRef = CCDFDC9D24A8568900A09046 /* Quiz_SavvyTests.swift */; };
		CCDFDCA924A8568A00A09046 /* Quiz_SavvyUITests.swift in Sources */ = {isa = PBXBuildFile; fileRef = CCDFDCA824A8568A00A09046 /* Quiz_SavvyUITests.swift */; };
		CCDFDCB724A8576600A09046 /* StartView.swift in Sources */ = {isa = PBXBuildFile; fileRef = CCDFDCB624A8576600A09046 /* StartView.swift */; };
		CCDFDCB924A8579500A09046 /* HomeView.swift in Sources */ = {isa = PBXBuildFile; fileRef = CCDFDCB824A8579500A09046 /* HomeView.swift */; };
		CCDFDCBB24A857A800A09046 /* TopView.swift in Sources */ = {isa = PBXBuildFile; fileRef = CCDFDCBA24A857A800A09046 /* TopView.swift */; };
		CCDFDCBD24A8580000A09046 /* ChooseView.swift in Sources */ = {isa = PBXBuildFile; fileRef = CCDFDCBC24A8580000A09046 /* ChooseView.swift */; };
		CCDFDCBF24A8581100A09046 /* DetailView.swift in Sources */ = {isa = PBXBuildFile; fileRef = CCDFDCBE24A8581100A09046 /* DetailView.swift */; };
		CCDFDCC124A870C400A09046 /* FavoriteView.swift in Sources */ = {isa = PBXBuildFile; fileRef = CCDFDCC024A870C400A09046 /* FavoriteView.swift */; };
		CCDFDCC824AA07AF00A09046 /* Situation.swift in Sources */ = {isa = PBXBuildFile; fileRef = CCDFDCC724AA07AF00A09046 /* Situation.swift */; };
		CCDFDCCA24AA080600A09046 /* Data.swift in Sources */ = {isa = PBXBuildFile; fileRef = CCDFDCC924AA080600A09046 /* Data.swift */; };
/* End PBXBuildFile section */

/* Begin PBXContainerItemProxy section */
		CCDFDC9A24A8568900A09046 /* PBXContainerItemProxy */ = {
			isa = PBXContainerItemProxy;
			containerPortal = CCDFDC7B24A8568600A09046 /* Project object */;
			proxyType = 1;
			remoteGlobalIDString = CCDFDC8224A8568600A09046;
			remoteInfo = "Quiz Savvy";
		};
		CCDFDCA524A8568A00A09046 /* PBXContainerItemProxy */ = {
			isa = PBXContainerItemProxy;
			containerPortal = CCDFDC7B24A8568600A09046 /* Project object */;
			proxyType = 1;
			remoteGlobalIDString = CCDFDC8224A8568600A09046;
			remoteInfo = "Quiz Savvy";
		};
/* End PBXContainerItemProxy section */

/* Begin PBXFileReference section */
		CC47627124AB2AEA008CBFAE /* situation.json */ = {isa = PBXFileReference; fileEncoding = 4; lastKnownFileType = text.json; path = situation.json; sourceTree = "<group>"; };
		CCDFDC8324A8568600A09046 /* Quiz Savvy.app */ = {isa = PBXFileReference; explicitFileType = wrapper.application; includeInIndex = 0; path = "Quiz Savvy.app"; sourceTree = BUILT_PRODUCTS_DIR; };
		CCDFDC8624A8568700A09046 /* AppDelegate.swift */ = {isa = PBXFileReference; lastKnownFileType = sourcecode.swift; path = AppDelegate.swift; sourceTree = "<group>"; };
		CCDFDC8824A8568700A09046 /* SceneDelegate.swift */ = {isa = PBXFileReference; lastKnownFileType = sourcecode.swift; path = SceneDelegate.swift; sourceTree = "<group>"; };
		CCDFDC8C24A8568900A09046 /* Assets.xcassets */ = {isa = PBXFileReference; lastKnownFileType = folder.assetcatalog; path = Assets.xcassets; sourceTree = "<group>"; };
		CCDFDC8F24A8568900A09046 /* Preview Assets.xcassets */ = {isa = PBXFileReference; lastKnownFileType = folder.assetcatalog; path = "Preview Assets.xcassets"; sourceTree = "<group>"; };
		CCDFDC9224A8568900A09046 /* Base */ = {isa = PBXFileReference; lastKnownFileType = file.storyboard; name = Base; path = Base.lproj/LaunchScreen.storyboard; sourceTree = "<group>"; };
		CCDFDC9424A8568900A09046 /* Info.plist */ = {isa = PBXFileReference; lastKnownFileType = text.plist.xml; path = Info.plist; sourceTree = "<group>"; };
		CCDFDC9924A8568900A09046 /* Quiz SavvyTests.xctest */ = {isa = PBXFileReference; explicitFileType = wrapper.cfbundle; includeInIndex = 0; path = "Quiz SavvyTests.xctest"; sourceTree = BUILT_PRODUCTS_DIR; };
		CCDFDC9D24A8568900A09046 /* Quiz_SavvyTests.swift */ = {isa = PBXFileReference; lastKnownFileType = sourcecode.swift; path = Quiz_SavvyTests.swift; sourceTree = "<group>"; };
		CCDFDC9F24A8568900A09046 /* Info.plist */ = {isa = PBXFileReference; lastKnownFileType = text.plist.xml; path = Info.plist; sourceTree = "<group>"; };
		CCDFDCA424A8568A00A09046 /* Quiz SavvyUITests.xctest */ = {isa = PBXFileReference; explicitFileType = wrapper.cfbundle; includeInIndex = 0; path = "Quiz SavvyUITests.xctest"; sourceTree = BUILT_PRODUCTS_DIR; };
		CCDFDCA824A8568A00A09046 /* Quiz_SavvyUITests.swift */ = {isa = PBXFileReference; lastKnownFileType = sourcecode.swift; path = Quiz_SavvyUITests.swift; sourceTree = "<group>"; };
		CCDFDCAA24A8568A00A09046 /* Info.plist */ = {isa = PBXFileReference; lastKnownFileType = text.plist.xml; path = Info.plist; sourceTree = "<group>"; };
		CCDFDCB624A8576600A09046 /* StartView.swift */ = {isa = PBXFileReference; lastKnownFileType = sourcecode.swift; path = StartView.swift; sourceTree = "<group>"; };
		CCDFDCB824A8579500A09046 /* HomeView.swift */ = {isa = PBXFileReference; lastKnownFileType = sourcecode.swift; path = HomeView.swift; sourceTree = "<group>"; };
		CCDFDCBA24A857A800A09046 /* TopView.swift */ = {isa = PBXFileReference; lastKnownFileType = sourcecode.swift; path = TopView.swift; sourceTree = "<group>"; };
		CCDFDCBC24A8580000A09046 /* ChooseView.swift */ = {isa = PBXFileReference; lastKnownFileType = sourcecode.swift; path = ChooseView.swift; sourceTree = "<group>"; };
		CCDFDCBE24A8581100A09046 /* DetailView.swift */ = {isa = PBXFileReference; lastKnownFileType = sourcecode.swift; path = DetailView.swift; sourceTree = "<group>"; };
		CCDFDCC024A870C400A09046 /* FavoriteView.swift */ = {isa = PBXFileReference; lastKnownFileType = sourcecode.swift; path = FavoriteView.swift; sourceTree = "<group>"; };
		CCDFDCC724AA07AF00A09046 /* Situation.swift */ = {isa = PBXFileReference; lastKnownFileType = sourcecode.swift; path = Situation.swift; sourceTree = "<group>"; };
		CCDFDCC924AA080600A09046 /* Data.swift */ = {isa = PBXFileReference; lastKnownFileType = sourcecode.swift; path = Data.swift; sourceTree = "<group>"; };
/* End PBXFileReference section */

/* Begin PBXFrameworksBuildPhase section */
		CCDFDC8024A8568600A09046 /* Frameworks */ = {
			isa = PBXFrameworksBuildPhase;
			buildActionMask = 2147483647;
			files = (
			);
			runOnlyForDeploymentPostprocessing = 0;
		};
		CCDFDC9624A8568900A09046 /* Frameworks */ = {
			isa = PBXFrameworksBuildPhase;
			buildActionMask = 2147483647;
			files = (
			);
			runOnlyForDeploymentPostprocessing = 0;
		};
		CCDFDCA124A8568900A09046 /* Frameworks */ = {
			isa = PBXFrameworksBuildPhase;
			buildActionMask = 2147483647;
			files = (
			);
			runOnlyForDeploymentPostprocessing = 0;
		};
/* End PBXFrameworksBuildPhase section */

/* Begin PBXGroup section */
		CCDFDC7A24A8568600A09046 = {
			isa = PBXGroup;
			children = (
				CCDFDC8524A8568700A09046 /* Quiz Savvy */,
				CCDFDC9C24A8568900A09046 /* Quiz SavvyTests */,
				CCDFDCA724A8568A00A09046 /* Quiz SavvyUITests */,
				CCDFDC8424A8568700A09046 /* Products */,
			);
			sourceTree = "<group>";
		};
		CCDFDC8424A8568700A09046 /* Products */ = {
			isa = PBXGroup;
			children = (
				CCDFDC8324A8568600A09046 /* Quiz Savvy.app */,
				CCDFDC9924A8568900A09046 /* Quiz SavvyTests.xctest */,
				CCDFDCA424A8568A00A09046 /* Quiz SavvyUITests.xctest */,
			);
			name = Products;
			sourceTree = "<group>";
		};
		CCDFDC8524A8568700A09046 /* Quiz Savvy */ = {
			isa = PBXGroup;
			children = (
				CCDFDCC424AA03A700A09046 /* Data */,
				CCDFDC8624A8568700A09046 /* AppDelegate.swift */,
				CCDFDC8824A8568700A09046 /* SceneDelegate.swift */,
				CCDFDCB624A8576600A09046 /* StartView.swift */,
				CCDFDCB824A8579500A09046 /* HomeView.swift */,
				CCDFDCC024A870C400A09046 /* FavoriteView.swift */,
				CCDFDCBA24A857A800A09046 /* TopView.swift */,
				CCDFDCBC24A8580000A09046 /* ChooseView.swift */,
				CCDFDCBE24A8581100A09046 /* DetailView.swift */,
				CCDFDC8C24A8568900A09046 /* Assets.xcassets */,
				CCDFDC9124A8568900A09046 /* LaunchScreen.storyboard */,
				CCDFDC9424A8568900A09046 /* Info.plist */,
				CCDFDC8E24A8568900A09046 /* Preview Content */,
			);
			path = "Quiz Savvy";
			sourceTree = "<group>";
		};
		CCDFDC8E24A8568900A09046 /* Preview Content */ = {
			isa = PBXGroup;
			children = (
				CCDFDC8F24A8568900A09046 /* Preview Assets.xcassets */,
			);
			path = "Preview Content";
			sourceTree = "<group>";
		};
		CCDFDC9C24A8568900A09046 /* Quiz SavvyTests */ = {
			isa = PBXGroup;
			children = (
				CCDFDC9D24A8568900A09046 /* Quiz_SavvyTests.swift */,
				CCDFDC9F24A8568900A09046 /* Info.plist */,
			);
			path = "Quiz SavvyTests";
			sourceTree = "<group>";
		};
		CCDFDCA724A8568A00A09046 /* Quiz SavvyUITests */ = {
			isa = PBXGroup;
			children = (
				CCDFDCA824A8568A00A09046 /* Quiz_SavvyUITests.swift */,
				CCDFDCAA24A8568A00A09046 /* Info.plist */,
			);
			path = "Quiz SavvyUITests";
			sourceTree = "<group>";
		};
		CCDFDCC424AA03A700A09046 /* Data */ = {
			isa = PBXGroup;
			children = (
				CC47627124AB2AEA008CBFAE /* situation.json */,
				CCDFDCC724AA07AF00A09046 /* Situation.swift */,
				CCDFDCC924AA080600A09046 /* Data.swift */,
			);
			path = Data;
			sourceTree = "<group>";
		};
/* End PBXGroup section */

/* Begin PBXNativeTarget section */
		CCDFDC8224A8568600A09046 /* Quiz Savvy */ = {
			isa = PBXNativeTarget;
			buildConfigurationList = CCDFDCAD24A8568A00A09046 /* Build configuration list for PBXNativeTarget "Quiz Savvy" */;
			buildPhases = (
				CCDFDC7F24A8568600A09046 /* Sources */,
				CCDFDC8024A8568600A09046 /* Frameworks */,
				CCDFDC8124A8568600A09046 /* Resources */,
			);
			buildRules = (
			);
			dependencies = (
			);
			name = "Quiz Savvy";
			productName = "Quiz Savvy";
			productReference = CCDFDC8324A8568600A09046 /* Quiz Savvy.app */;
			productType = "com.apple.product-type.application";
		};
		CCDFDC9824A8568900A09046 /* Quiz SavvyTests */ = {
			isa = PBXNativeTarget;
			buildConfigurationList = CCDFDCB024A8568A00A09046 /* Build configuration list for PBXNativeTarget "Quiz SavvyTests" */;
			buildPhases = (
				CCDFDC9524A8568900A09046 /* Sources */,
				CCDFDC9624A8568900A09046 /* Frameworks */,
				CCDFDC9724A8568900A09046 /* Resources */,
			);
			buildRules = (
			);
			dependencies = (
				CCDFDC9B24A8568900A09046 /* PBXTargetDependency */,
			);
			name = "Quiz SavvyTests";
			productName = "Quiz SavvyTests";
			productReference = CCDFDC9924A8568900A09046 /* Quiz SavvyTests.xctest */;
			productType = "com.apple.product-type.bundle.unit-test";
		};
		CCDFDCA324A8568900A09046 /* Quiz SavvyUITests */ = {
			isa = PBXNativeTarget;
			buildConfigurationList = CCDFDCB324A8568A00A09046 /* Build configuration list for PBXNativeTarget "Quiz SavvyUITests" */;
			buildPhases = (
				CCDFDCA024A8568900A09046 /* Sources */,
				CCDFDCA124A8568900A09046 /* Frameworks */,
				CCDFDCA224A8568900A09046 /* Resources */,
			);
			buildRules = (
			);
			dependencies = (
				CCDFDCA624A8568A00A09046 /* PBXTargetDependency */,
			);
			name = "Quiz SavvyUITests";
			productName = "Quiz SavvyUITests";
			productReference = CCDFDCA424A8568A00A09046 /* Quiz SavvyUITests.xctest */;
			productType = "com.apple.product-type.bundle.ui-testing";
		};
/* End PBXNativeTarget section */

/* Begin PBXProject section */
		CCDFDC7B24A8568600A09046 /* Project object */ = {
			isa = PBXProject;
			attributes = {
				LastSwiftUpdateCheck = 1150;
				LastUpgradeCheck = 1150;
				ORGANIZATIONNAME = "青木智大";
				TargetAttributes = {
					CCDFDC8224A8568600A09046 = {
						CreatedOnToolsVersion = 11.5;
					};
					CCDFDC9824A8568900A09046 = {
						CreatedOnToolsVersion = 11.5;
						TestTargetID = CCDFDC8224A8568600A09046;
					};
					CCDFDCA324A8568900A09046 = {
						CreatedOnToolsVersion = 11.5;
						TestTargetID = CCDFDC8224A8568600A09046;
					};
				};
			};
			buildConfigurationList = CCDFDC7E24A8568600A09046 /* Build configuration list for PBXProject "Quiz Savvy" */;
			compatibilityVersion = "Xcode 9.3";
			developmentRegion = en;
			hasScannedForEncodings = 0;
			knownRegions = (
				en,
				Base,
			);
			mainGroup = CCDFDC7A24A8568600A09046;
			productRefGroup = CCDFDC8424A8568700A09046 /* Products */;
			projectDirPath = "";
			projectRoot = "";
			targets = (
				CCDFDC8224A8568600A09046 /* Quiz Savvy */,
				CCDFDC9824A8568900A09046 /* Quiz SavvyTests */,
				CCDFDCA324A8568900A09046 /* Quiz SavvyUITests */,
			);
		};
/* End PBXProject section */

/* Begin PBXResourcesBuildPhase section */
		CCDFDC8124A8568600A09046 /* Resources */ = {
			isa = PBXResourcesBuildPhase;
			buildActionMask = 2147483647;
			files = (
				CCDFDC9324A8568900A09046 /* LaunchScreen.storyboard in Resources */,
				CCDFDC9024A8568900A09046 /* Preview Assets.xcassets in Resources */,
				CC47627224AB2AEA008CBFAE /* situation.json in Resources */,
				CCDFDC8D24A8568900A09046 /* Assets.xcassets in Resources */,
			);
			runOnlyForDeploymentPostprocessing = 0;
		};
		CCDFDC9724A8568900A09046 /* Resources */ = {
			isa = PBXResourcesBuildPhase;
			buildActionMask = 2147483647;
			files = (
			);
			runOnlyForDeploymentPostprocessing = 0;
		};
		CCDFDCA224A8568900A09046 /* Resources */ = {
			isa = PBXResourcesBuildPhase;
			buildActionMask = 2147483647;
			files = (
			);
			runOnlyForDeploymentPostprocessing = 0;
		};
/* End PBXResourcesBuildPhase section */

/* Begin PBXSourcesBuildPhase section */
		CCDFDC7F24A8568600A09046 /* Sources */ = {
			isa = PBXSourcesBuildPhase;
			buildActionMask = 2147483647;
			files = (
				CCDFDCC124A870C400A09046 /* FavoriteView.swift in Sources */,
				CCDFDCCA24AA080600A09046 /* Data.swift in Sources */,
				CCDFDC8724A8568700A09046 /* AppDelegate.swift in Sources */,
				CCDFDCBF24A8581100A09046 /* DetailView.swift in Sources */,
				CCDFDC8924A8568700A09046 /* SceneDelegate.swift in Sources */,
				CCDFDCBD24A8580000A09046 /* ChooseView.swift in Sources */,
				CCDFDCB924A8579500A09046 /* HomeView.swift in Sources */,
				CCDFDCBB24A857A800A09046 /* TopView.swift in Sources */,
				CCDFDCB724A8576600A09046 /* StartView.swift in Sources */,
				CCDFDCC824AA07AF00A09046 /* Situation.swift in Sources */,
			);
			runOnlyForDeploymentPostprocessing = 0;
		};
		CCDFDC9524A8568900A09046 /* Sources */ = {
			isa = PBXSourcesBuildPhase;
			buildActionMask = 2147483647;
			files = (
				CCDFDC9E24A8568900A09046 /* Quiz_SavvyTests.swift in Sources */,
			);
			runOnlyForDeploymentPostprocessing = 0;
		};
		CCDFDCA024A8568900A09046 /* Sources */ = {
			isa = PBXSourcesBuildPhase;
			buildActionMask = 2147483647;
			files = (
				CCDFDCA924A8568A00A09046 /* Quiz_SavvyUITests.swift in Sources */,
			);
			runOnlyForDeploymentPostprocessing = 0;
		};
/* End PBXSourcesBuildPhase section */

/* Begin PBXTargetDependency section */
		CCDFDC9B24A8568900A09046 /* PBXTargetDependency */ = {
			isa = PBXTargetDependency;
			target = CCDFDC8224A8568600A09046 /* Quiz Savvy */;
			targetProxy = CCDFDC9A24A8568900A09046 /* PBXContainerItemProxy */;
		};
		CCDFDCA624A8568A00A09046 /* PBXTargetDependency */ = {
			isa = PBXTargetDependency;
			target = CCDFDC8224A8568600A09046 /* Quiz Savvy */;
			targetProxy = CCDFDCA524A8568A00A09046 /* PBXContainerItemProxy */;
		};
/* End PBXTargetDependency section */

/* Begin PBXVariantGroup section */
		CCDFDC9124A8568900A09046 /* LaunchScreen.storyboard */ = {
			isa = PBXVariantGroup;
			children = (
				CCDFDC9224A8568900A09046 /* Base */,
			);
			name = LaunchScreen.storyboard;
			sourceTree = "<group>";
		};
/* End PBXVariantGroup section */

/* Begin XCBuildConfiguration section */
		CCDFDCAB24A8568A00A09046 /* Debug */ = {
			isa = XCBuildConfiguration;
			buildSettings = {
				ALWAYS_SEARCH_USER_PATHS = NO;
				CLANG_ANALYZER_NONNULL = YES;
				CLANG_ANALYZER_NUMBER_OBJECT_CONVERSION = YES_AGGRESSIVE;
				CLANG_CXX_LANGUAGE_STANDARD = "gnu++14";
				CLANG_CXX_LIBRARY = "libc++";
				CLANG_ENABLE_MODULES = YES;
				CLANG_ENABLE_OBJC_ARC = YES;
				CLANG_ENABLE_OBJC_WEAK = YES;
				CLANG_WARN_BLOCK_CAPTURE_AUTORELEASING = YES;
				CLANG_WARN_BOOL_CONVERSION = YES;
				CLANG_WARN_COMMA = YES;
				CLANG_WARN_CONSTANT_CONVERSION = YES;
				CLANG_WARN_DEPRECATED_OBJC_IMPLEMENTATIONS = YES;
				CLANG_WARN_DIRECT_OBJC_ISA_USAGE = YES_ERROR;
				CLANG_WARN_DOCUMENTATION_COMMENTS = YES;
				CLANG_WARN_EMPTY_BODY = YES;
				CLANG_WARN_ENUM_CONVERSION = YES;
				CLANG_WARN_INFINITE_RECURSION = YES;
				CLANG_WARN_INT_CONVERSION = YES;
				CLANG_WARN_NON_LITERAL_NULL_CONVERSION = YES;
				CLANG_WARN_OBJC_IMPLICIT_RETAIN_SELF = YES;
				CLANG_WARN_OBJC_LITERAL_CONVERSION = YES;
				CLANG_WARN_OBJC_ROOT_CLASS = YES_ERROR;
				CLANG_WARN_RANGE_LOOP_ANALYSIS = YES;
				CLANG_WARN_STRICT_PROTOTYPES = YES;
				CLANG_WARN_SUSPICIOUS_MOVE = YES;
				CLANG_WARN_UNGUARDED_AVAILABILITY = YES_AGGRESSIVE;
				CLANG_WARN_UNREACHABLE_CODE = YES;
				CLANG_WARN__DUPLICATE_METHOD_MATCH = YES;
				COPY_PHASE_STRIP = NO;
				DEBUG_INFORMATION_FORMAT = dwarf;
				ENABLE_STRICT_OBJC_MSGSEND = YES;
				ENABLE_TESTABILITY = YES;
				GCC_C_LANGUAGE_STANDARD = gnu11;
				GCC_DYNAMIC_NO_PIC = NO;
				GCC_NO_COMMON_BLOCKS = YES;
				GCC_OPTIMIZATION_LEVEL = 0;
				GCC_PREPROCESSOR_DEFINITIONS = (
					"DEBUG=1",
					"$(inherited)",
				);
				GCC_WARN_64_TO_32_BIT_CONVERSION = YES;
				GCC_WARN_ABOUT_RETURN_TYPE = YES_ERROR;
				GCC_WARN_UNDECLARED_SELECTOR = YES;
				GCC_WARN_UNINITIALIZED_AUTOS = YES_AGGRESSIVE;
				GCC_WARN_UNUSED_FUNCTION = YES;
				GCC_WARN_UNUSED_VARIABLE = YES;
				IPHONEOS_DEPLOYMENT_TARGET = 13.5;
				MTL_ENABLE_DEBUG_INFO = INCLUDE_SOURCE;
				MTL_FAST_MATH = YES;
				ONLY_ACTIVE_ARCH = YES;
				SDKROOT = iphoneos;
				SWIFT_ACTIVE_COMPILATION_CONDITIONS = DEBUG;
				SWIFT_OPTIMIZATION_LEVEL = "-Onone";
			};
			name = Debug;
		};
		CCDFDCAC24A8568A00A09046 /* Release */ = {
			isa = XCBuildConfiguration;
			buildSettings = {
				ALWAYS_SEARCH_USER_PATHS = NO;
				CLANG_ANALYZER_NONNULL = YES;
				CLANG_ANALYZER_NUMBER_OBJECT_CONVERSION = YES_AGGRESSIVE;
				CLANG_CXX_LANGUAGE_STANDARD = "gnu++14";
				CLANG_CXX_LIBRARY = "libc++";
				CLANG_ENABLE_MODULES = YES;
				CLANG_ENABLE_OBJC_ARC = YES;
				CLANG_ENABLE_OBJC_WEAK = YES;
				CLANG_WARN_BLOCK_CAPTURE_AUTORELEASING = YES;
				CLANG_WARN_BOOL_CONVERSION = YES;
				CLANG_WARN_COMMA = YES;
				CLANG_WARN_CONSTANT_CONVERSION = YES;
				CLANG_WARN_DEPRECATED_OBJC_IMPLEMENTATIONS = YES;
				CLANG_WARN_DIRECT_OBJC_ISA_USAGE = YES_ERROR;
				CLANG_WARN_DOCUMENTATION_COMMENTS = YES;
				CLANG_WARN_EMPTY_BODY = YES;
				CLANG_WARN_ENUM_CONVERSION = YES;
				CLANG_WARN_INFINITE_RECURSION = YES;
				CLANG_WARN_INT_CONVERSION = YES;
				CLANG_WARN_NON_LITERAL_NULL_CONVERSION = YES;
				CLANG_WARN_OBJC_IMPLICIT_RETAIN_SELF = YES;
				CLANG_WARN_OBJC_LITERAL_CONVERSION = YES;
				CLANG_WARN_OBJC_ROOT_CLASS = YES_ERROR;
				CLANG_WARN_RANGE_LOOP_ANALYSIS = YES;
				CLANG_WARN_STRICT_PROTOTYPES = YES;
				CLANG_WARN_SUSPICIOUS_MOVE = YES;
				CLANG_WARN_UNGUARDED_AVAILABILITY = YES_AGGRESSIVE;
				CLANG_WARN_UNREACHABLE_CODE = YES;
				CLANG_WARN__DUPLICATE_METHOD_MATCH = YES;
				COPY_PHASE_STRIP = NO;
				DEBUG_INFORMATION_FORMAT = "dwarf-with-dsym";
				ENABLE_NS_ASSERTIONS = NO;
				ENABLE_STRICT_OBJC_MSGSEND = YES;
				GCC_C_LANGUAGE_STANDARD = gnu11;
				GCC_NO_COMMON_BLOCKS = YES;
				GCC_WARN_64_TO_32_BIT_CONVERSION = YES;
				GCC_WARN_ABOUT_RETURN_TYPE = YES_ERROR;
				GCC_WARN_UNDECLARED_SELECTOR = YES;
				GCC_WARN_UNINITIALIZED_AUTOS = YES_AGGRESSIVE;
				GCC_WARN_UNUSED_FUNCTION = YES;
				GCC_WARN_UNUSED_VARIABLE = YES;
				IPHONEOS_DEPLOYMENT_TARGET = 13.5;
				MTL_ENABLE_DEBUG_INFO = NO;
				MTL_FAST_MATH = YES;
				SDKROOT = iphoneos;
				SWIFT_COMPILATION_MODE = wholemodule;
				SWIFT_OPTIMIZATION_LEVEL = "-O";
				VALIDATE_PRODUCT = YES;
			};
			name = Release;
		};
		CCDFDCAE24A8568A00A09046 /* Debug */ = {
			isa = XCBuildConfiguration;
			buildSettings = {
				ASSETCATALOG_COMPILER_APPICON_NAME = AppIcon;
				CODE_SIGN_STYLE = Automatic;
				DEVELOPMENT_ASSET_PATHS = "\"Quiz Savvy/Preview Content\"";
				DEVELOPMENT_TEAM = 8CM5H8B6HZ;
				ENABLE_PREVIEWS = YES;
				INFOPLIST_FILE = "Quiz Savvy/Info.plist";
				LD_RUNPATH_SEARCH_PATHS = (
					"$(inherited)",
					"@executable_path/Frameworks",
				);
				PRODUCT_BUNDLE_IDENTIFIER = "com.man.Quiz-Savvy";
				PRODUCT_NAME = "$(TARGET_NAME)";
				SWIFT_VERSION = 5.0;
				TARGETED_DEVICE_FAMILY = "1,2";
			};
			name = Debug;
		};
		CCDFDCAF24A8568A00A09046 /* Release */ = {
			isa = XCBuildConfiguration;
			buildSettings = {
				ASSETCATALOG_COMPILER_APPICON_NAME = AppIcon;
				CODE_SIGN_STYLE = Automatic;
				DEVELOPMENT_ASSET_PATHS = "\"Quiz Savvy/Preview Content\"";
				DEVELOPMENT_TEAM = 8CM5H8B6HZ;
				ENABLE_PREVIEWS = YES;
				INFOPLIST_FILE = "Quiz Savvy/Info.plist";
				LD_RUNPATH_SEARCH_PATHS = (
					"$(inherited)",
					"@executable_path/Frameworks",
				);
				PRODUCT_BUNDLE_IDENTIFIER = "com.man.Quiz-Savvy";
				PRODUCT_NAME = "$(TARGET_NAME)";
				SWIFT_VERSION = 5.0;
				TARGETED_DEVICE_FAMILY = "1,2";
			};
			name = Release;
		};
		CCDFDCB124A8568A00A09046 /* Debug */ = {
			isa = XCBuildConfiguration;
			buildSettings = {
				ALWAYS_EMBED_SWIFT_STANDARD_LIBRARIES = YES;
				BUNDLE_LOADER = "$(TEST_HOST)";
				CODE_SIGN_STYLE = Automatic;
				DEVELOPMENT_TEAM = 8CM5H8B6HZ;
				INFOPLIST_FILE = "Quiz SavvyTests/Info.plist";
				IPHONEOS_DEPLOYMENT_TARGET = 13.5;
				LD_RUNPATH_SEARCH_PATHS = (
					"$(inherited)",
					"@executable_path/Frameworks",
					"@loader_path/Frameworks",
				);
				PRODUCT_BUNDLE_IDENTIFIER = "com.man.Quiz-SavvyTests";
				PRODUCT_NAME = "$(TARGET_NAME)";
				SWIFT_VERSION = 5.0;
				TARGETED_DEVICE_FAMILY = "1,2";
				TEST_HOST = "$(BUILT_PRODUCTS_DIR)/Quiz Savvy.app/Quiz Savvy";
			};
			name = Debug;
		};
		CCDFDCB224A8568A00A09046 /* Release */ = {
			isa = XCBuildConfiguration;
			buildSettings = {
				ALWAYS_EMBED_SWIFT_STANDARD_LIBRARIES = YES;
				BUNDLE_LOADER = "$(TEST_HOST)";
				CODE_SIGN_STYLE = Automatic;
				DEVELOPMENT_TEAM = 8CM5H8B6HZ;
				INFOPLIST_FILE = "Quiz SavvyTests/Info.plist";
				IPHONEOS_DEPLOYMENT_TARGET = 13.5;
				LD_RUNPATH_SEARCH_PATHS = (
					"$(inherited)",
					"@executable_path/Frameworks",
					"@loader_path/Frameworks",
				);
				PRODUCT_BUNDLE_IDENTIFIER = "com.man.Quiz-SavvyTests";
				PRODUCT_NAME = "$(TARGET_NAME)";
				SWIFT_VERSION = 5.0;
				TARGETED_DEVICE_FAMILY = "1,2";
				TEST_HOST = "$(BUILT_PRODUCTS_DIR)/Quiz Savvy.app/Quiz Savvy";
			};
			name = Release;
		};
		CCDFDCB424A8568A00A09046 /* Debug */ = {
			isa = XCBuildConfiguration;
			buildSettings = {
				ALWAYS_EMBED_SWIFT_STANDARD_LIBRARIES = YES;
				CODE_SIGN_STYLE = Automatic;
				DEVELOPMENT_TEAM = 8CM5H8B6HZ;
				INFOPLIST_FILE = "Quiz SavvyUITests/Info.plist";
				LD_RUNPATH_SEARCH_PATHS = (
					"$(inherited)",
					"@executable_path/Frameworks",
					"@loader_path/Frameworks",
				);
				PRODUCT_BUNDLE_IDENTIFIER = "com.man.Quiz-SavvyUITests";
				PRODUCT_NAME = "$(TARGET_NAME)";
				SWIFT_VERSION = 5.0;
				TARGETED_DEVICE_FAMILY = "1,2";
				TEST_TARGET_NAME = "Quiz Savvy";
			};
			name = Debug;
		};
		CCDFDCB524A8568A00A09046 /* Release */ = {
			isa = XCBuildConfiguration;
			buildSettings = {
				ALWAYS_EMBED_SWIFT_STANDARD_LIBRARIES = YES;
				CODE_SIGN_STYLE = Automatic;
				DEVELOPMENT_TEAM = 8CM5H8B6HZ;
				INFOPLIST_FILE = "Quiz SavvyUITests/Info.plist";
				LD_RUNPATH_SEARCH_PATHS = (
					"$(inherited)",
					"@executable_path/Frameworks",
					"@loader_path/Frameworks",
				);
				PRODUCT_BUNDLE_IDENTIFIER = "com.man.Quiz-SavvyUITests";
				PRODUCT_NAME = "$(TARGET_NAME)";
				SWIFT_VERSION = 5.0;
				TARGETED_DEVICE_FAMILY = "1,2";
				TEST_TARGET_NAME = "Quiz Savvy";
			};
			name = Release;
		};
/* End XCBuildConfiguration section */

/* Begin XCConfigurationList section */
		CCDFDC7E24A8568600A09046 /* Build configuration list for PBXProject "Quiz Savvy" */ = {
			isa = XCConfigurationList;
			buildConfigurations = (
				CCDFDCAB24A8568A00A09046 /* Debug */,
				CCDFDCAC24A8568A00A09046 /* Release */,
			);
			defaultConfigurationIsVisible = 0;
			defaultConfigurationName = Release;
		};
		CCDFDCAD24A8568A00A09046 /* Build configuration list for PBXNativeTarget "Quiz Savvy" */ = {
			isa = XCConfigurationList;
			buildConfigurations = (
				CCDFDCAE24A8568A00A09046 /* Debug */,
				CCDFDCAF24A8568A00A09046 /* Release */,
			);
			defaultConfigurationIsVisible = 0;
			defaultConfigurationName = Release;
		};
		CCDFDCB024A8568A00A09046 /* Build configuration list for PBXNativeTarget "Quiz SavvyTests" */ = {
			isa = XCConfigurationList;
			buildConfigurations = (
				CCDFDCB124A8568A00A09046 /* Debug */,
				CCDFDCB224A8568A00A09046 /* Release */,
			);
			defaultConfigurationIsVisible = 0;
			defaultConfigurationName = Release;
		};
		CCDFDCB324A8568A00A09046 /* Build configuration list for PBXNativeTarget "Quiz SavvyUITests" */ = {
			isa = XCConfigurationList;
			buildConfigurations = (
				CCDFDCB424A8568A00A09046 /* Debug */,
				CCDFDCB524A8568A00A09046 /* Release */,
			);
			defaultConfigurationIsVisible = 0;
			defaultConfigurationName = Release;
		};
/* End XCConfigurationList section */
	};
	rootObject = CCDFDC7B24A8568600A09046 /* Project object */;
}
